
Microsoft Visual Studio Solution File, Format Version 12.00
# Visual Studio Version 17
VisualStudioVersion = 17.8.34316.72
MinimumVisualStudioVersion = 10.0.40219.1
Project("{C9674DCB-5085-4A16-B785-4C70DD1589BD}") = "Pregunta03", "Pregunta03.dtproj", "{165252BD-103A-458B-BDE7-A682BFEA1D35}"
EndProject
Global
	GlobalSection(SolutionConfigurationPlatforms) = preSolution
		Development|Default = Development|Default
	EndGlobalSection
	GlobalSection(ProjectConfigurationPlatforms) = postSolution
		{165252BD-103A-458B-BDE7-A682BFEA1D35}.Development|Default.ActiveCfg = Development
		{165252BD-103A-458B-BDE7-A682BFEA1D35}.Development|Default.Build.0 = Development
	EndGlobalSection
	GlobalSection(SolutionProperties) = preSolution
		HideSolutionNode = FALSE
	EndGlobalSection
	GlobalSection(ExtensibilityGlobals) = postSolution
		SolutionGuid = {4572DF5C-E1C2-4A3B-9BC0-D73B6D21337F}
	EndGlobalSection
EndGlobal
